
Microsoft Visual Studio Solution File, Format Version 12.00
# Visual Studio 2012
Project("{FAE04EC0-301F-11D3-BF4B-00C04F79EFBC}") = "BMA", "BMA\BMA.csproj", "{0421497E-7A5E-49FE-ADDE-80F9BD58AA06}"
EndProject
Project("{FAE04EC0-301F-11D3-BF4B-00C04F79EFBC}") = "BMA.BusinessLogic", "BMA.BusinessLogic\BMA.BusinessLogic.csproj", "{36525B21-E773-403B-8882-18C4DBF996B4}"
EndProject
Project("{FAE04EC0-301F-11D3-BF4B-00C04F79EFBC}") = "BMA.DataAccess", "BMA.DataAccess\BMA.DataAccess.csproj", "{E0A494F6-9BED-4638-9D8D-02DDD2E744E3}"
EndProject
Project("{FAE04EC0-301F-11D3-BF4B-00C04F79EFBC}") = "BMAServiceHost", "BMAServiceHost\BMAServiceHost.csproj", "{6206E54B-26D2-4845-A69D-FEB52AAA920A}"
EndProject
Project("{FAE04EC0-301F-11D3-BF4B-00C04F79EFBC}") = "BMAServiceLib", "BMAServiceLib\BMAServiceLib.csproj", "{C31072DE-DF1E-4E46-99C7-E8890121F05B}"
EndProject
Project("{FAE04EC0-301F-11D3-BF4B-00C04F79EFBC}") = "ConsoleApplication1", "ConsoleApplication1\ConsoleApplication1.csproj", "{4097DDBA-EFE9-48E2-A1F7-42FC1AC78D1E}"
EndProject
Project("{FAE04EC0-301F-11D3-BF4B-00C04F79EFBC}") = "ModernUI.Toolkit.Data.Charting", "ModernUI.Controls\Charting\ModernUI.Toolkit.Data.Charting.csproj", "{C6C4FC26-8000-49C2-A525-79CA241472A7}"
EndProject
Project("{FAE04EC0-301F-11D3-BF4B-00C04F79EFBC}") = "BackTask", "BackTask\BackTask.csproj", "{3D0CD1B2-B358-4664-AA9D-938ADE602AB7}"
EndProject
Project("{FAE04EC0-301F-11D3-BF4B-00C04F79EFBC}") = "DataVirtualization.Toolkit", "..\..\App1\DataVirtualization.Toolkit\DataVirtualization.Toolkit.csproj", "{46FD6F10-6F1D-4BCE-B67E-38753D89F536}"
EndProject
Global
	GlobalSection(SolutionConfigurationPlatforms) = preSolution
		Client-Debug|Any CPU = Client-Debug|Any CPU
		Client-Debug|ARM = Client-Debug|ARM
		Client-Debug|x64 = Client-Debug|x64
		Client-Debug|x86 = Client-Debug|x86
		Debug|Any CPU = Debug|Any CPU
		Debug|ARM = Debug|ARM
		Debug|x64 = Debug|x64
		Debug|x86 = Debug|x86
		Moussa|Any CPU = Moussa|Any CPU
		Moussa|ARM = Moussa|ARM
		Moussa|x64 = Moussa|x64
		Moussa|x86 = Moussa|x86
		Release - ARM|Any CPU = Release - ARM|Any CPU
		Release - ARM|ARM = Release - ARM|ARM
		Release - ARM|x64 = Release - ARM|x64
		Release - ARM|x86 = Release - ARM|x86
		Release|Any CPU = Release|Any CPU
		Release|ARM = Release|ARM
		Release|x64 = Release|x64
		Release|x86 = Release|x86
	EndGlobalSection
	GlobalSection(ProjectConfigurationPlatforms) = postSolution
		{0421497E-7A5E-49FE-ADDE-80F9BD58AA06}.Client-Debug|Any CPU.ActiveCfg = Debug|Any CPU
		{0421497E-7A5E-49FE-ADDE-80F9BD58AA06}.Client-Debug|Any CPU.Build.0 = Debug|Any CPU
		{0421497E-7A5E-49FE-ADDE-80F9BD58AA06}.Client-Debug|Any CPU.Deploy.0 = Debug|Any CPU
		{0421497E-7A5E-49FE-ADDE-80F9BD58AA06}.Client-Debug|ARM.ActiveCfg = Debug|ARM
		{0421497E-7A5E-49FE-ADDE-80F9BD58AA06}.Client-Debug|ARM.Build.0 = Debug|ARM
		{0421497E-7A5E-49FE-ADDE-80F9BD58AA06}.Client-Debug|ARM.Deploy.0 = Debug|ARM
		{0421497E-7A5E-49FE-ADDE-80F9BD58AA06}.Client-Debug|x64.ActiveCfg = Debug|x64
		{0421497E-7A5E-49FE-ADDE-80F9BD58AA06}.Client-Debug|x64.Build.0 = Debug|x64
		{0421497E-7A5E-49FE-ADDE-80F9BD58AA06}.Client-Debug|x64.Deploy.0 = Debug|x64
		{0421497E-7A5E-49FE-ADDE-80F9BD58AA06}.Client-Debug|x86.ActiveCfg = Debug|x86
		{0421497E-7A5E-49FE-ADDE-80F9BD58AA06}.Client-Debug|x86.Build.0 = Debug|x86
		{0421497E-7A5E-49FE-ADDE-80F9BD58AA06}.Client-Debug|x86.Deploy.0 = Debug|x86
		{0421497E-7A5E-49FE-ADDE-80F9BD58AA06}.Debug|Any CPU.ActiveCfg = Debug|Any CPU
		{0421497E-7A5E-49FE-ADDE-80F9BD58AA06}.Debug|Any CPU.Build.0 = Debug|Any CPU
		{0421497E-7A5E-49FE-ADDE-80F9BD58AA06}.Debug|Any CPU.Deploy.0 = Debug|Any CPU
		{0421497E-7A5E-49FE-ADDE-80F9BD58AA06}.Debug|ARM.ActiveCfg = Debug|ARM
		{0421497E-7A5E-49FE-ADDE-80F9BD58AA06}.Debug|ARM.Build.0 = Debug|ARM
		{0421497E-7A5E-49FE-ADDE-80F9BD58AA06}.Debug|ARM.Deploy.0 = Debug|ARM
		{0421497E-7A5E-49FE-ADDE-80F9BD58AA06}.Debug|x64.ActiveCfg = Debug|x64
		{0421497E-7A5E-49FE-ADDE-80F9BD58AA06}.Debug|x64.Build.0 = Debug|x64
		{0421497E-7A5E-49FE-ADDE-80F9BD58AA06}.Debug|x64.Deploy.0 = Debug|x64
		{0421497E-7A5E-49FE-ADDE-80F9BD58AA06}.Debug|x86.ActiveCfg = Debug|x86
		{0421497E-7A5E-49FE-ADDE-80F9BD58AA06}.Debug|x86.Build.0 = Debug|x86
		{0421497E-7A5E-49FE-ADDE-80F9BD58AA06}.Debug|x86.Deploy.0 = Debug|x86
		{0421497E-7A5E-49FE-ADDE-80F9BD58AA06}.Moussa|Any CPU.ActiveCfg = Release|Any CPU
		{0421497E-7A5E-49FE-ADDE-80F9BD58AA06}.Moussa|Any CPU.Build.0 = Release|Any CPU
		{0421497E-7A5E-49FE-ADDE-80F9BD58AA06}.Moussa|Any CPU.Deploy.0 = Release|Any CPU
		{0421497E-7A5E-49FE-ADDE-80F9BD58AA06}.Moussa|ARM.ActiveCfg = Release|ARM
		{0421497E-7A5E-49FE-ADDE-80F9BD58AA06}.Moussa|ARM.Build.0 = Release|ARM
		{0421497E-7A5E-49FE-ADDE-80F9BD58AA06}.Moussa|ARM.Deploy.0 = Release|ARM
		{0421497E-7A5E-49FE-ADDE-80F9BD58AA06}.Moussa|x64.ActiveCfg = Release|x64
		{0421497E-7A5E-49FE-ADDE-80F9BD58AA06}.Moussa|x64.Build.0 = Release|x64
		{0421497E-7A5E-49FE-ADDE-80F9BD58AA06}.Moussa|x64.Deploy.0 = Release|x64
		{0421497E-7A5E-49FE-ADDE-80F9BD58AA06}.Moussa|x86.ActiveCfg = Release|x86
		{0421497E-7A5E-49FE-ADDE-80F9BD58AA06}.Moussa|x86.Build.0 = Release|x86
		{0421497E-7A5E-49FE-ADDE-80F9BD58AA06}.Moussa|x86.Deploy.0 = Release|x86
		{0421497E-7A5E-49FE-ADDE-80F9BD58AA06}.Release - ARM|Any CPU.ActiveCfg = Release|Any CPU
		{0421497E-7A5E-49FE-ADDE-80F9BD58AA06}.Release - ARM|Any CPU.Build.0 = Release|Any CPU
		{0421497E-7A5E-49FE-ADDE-80F9BD58AA06}.Release - ARM|Any CPU.Deploy.0 = Release|Any CPU
		{0421497E-7A5E-49FE-ADDE-80F9BD58AA06}.Release - ARM|ARM.ActiveCfg = Release|ARM
		{0421497E-7A5E-49FE-ADDE-80F9BD58AA06}.Release - ARM|ARM.Build.0 = Release|ARM
		{0421497E-7A5E-49FE-ADDE-80F9BD58AA06}.Release - ARM|ARM.Deploy.0 = Release|ARM
		{0421497E-7A5E-49FE-ADDE-80F9BD58AA06}.Release - ARM|x64.ActiveCfg = Release|x64
		{0421497E-7A5E-49FE-ADDE-80F9BD58AA06}.Release - ARM|x64.Build.0 = Release|x64
		{0421497E-7A5E-49FE-ADDE-80F9BD58AA06}.Release - ARM|x64.Deploy.0 = Release|x64
		{0421497E-7A5E-49FE-ADDE-80F9BD58AA06}.Release - ARM|x86.ActiveCfg = Release|x86
		{0421497E-7A5E-49FE-ADDE-80F9BD58AA06}.Release - ARM|x86.Build.0 = Release|x86
		{0421497E-7A5E-49FE-ADDE-80F9BD58AA06}.Release - ARM|x86.Deploy.0 = Release|x86
		{0421497E-7A5E-49FE-ADDE-80F9BD58AA06}.Release|Any CPU.ActiveCfg = Release|Any CPU
		{0421497E-7A5E-49FE-ADDE-80F9BD58AA06}.Release|Any CPU.Build.0 = Release|Any CPU
		{0421497E-7A5E-49FE-ADDE-80F9BD58AA06}.Release|Any CPU.Deploy.0 = Release|Any CPU
		{0421497E-7A5E-49FE-ADDE-80F9BD58AA06}.Release|ARM.ActiveCfg = Release|ARM
		{0421497E-7A5E-49FE-ADDE-80F9BD58AA06}.Release|ARM.Build.0 = Release|ARM
		{0421497E-7A5E-49FE-ADDE-80F9BD58AA06}.Release|ARM.Deploy.0 = Release|ARM
		{0421497E-7A5E-49FE-ADDE-80F9BD58AA06}.Release|x64.ActiveCfg = Release|x64
		{0421497E-7A5E-49FE-ADDE-80F9BD58AA06}.Release|x64.Build.0 = Release|x64
		{0421497E-7A5E-49FE-ADDE-80F9BD58AA06}.Release|x64.Deploy.0 = Release|x64
		{0421497E-7A5E-49FE-ADDE-80F9BD58AA06}.Release|x86.ActiveCfg = Release|x86
		{0421497E-7A5E-49FE-ADDE-80F9BD58AA06}.Release|x86.Build.0 = Release|x86
		{0421497E-7A5E-49FE-ADDE-80F9BD58AA06}.Release|x86.Deploy.0 = Release|x86
		{36525B21-E773-403B-8882-18C4DBF996B4}.Client-Debug|Any CPU.ActiveCfg = Debug|Any CPU
		{36525B21-E773-403B-8882-18C4DBF996B4}.Client-Debug|Any CPU.Build.0 = Debug|Any CPU
		{36525B21-E773-403B-8882-18C4DBF996B4}.Client-Debug|ARM.ActiveCfg = Debug|Any CPU
		{36525B21-E773-403B-8882-18C4DBF996B4}.Client-Debug|x64.ActiveCfg = Debug|Any CPU
		{36525B21-E773-403B-8882-18C4DBF996B4}.Client-Debug|x86.ActiveCfg = Debug|Any CPU
		{36525B21-E773-403B-8882-18C4DBF996B4}.Debug|Any CPU.ActiveCfg = Debug|Any CPU
		{36525B21-E773-403B-8882-18C4DBF996B4}.Debug|Any CPU.Build.0 = Debug|Any CPU
		{36525B21-E773-403B-8882-18C4DBF996B4}.Debug|ARM.ActiveCfg = Debug|Any CPU
		{36525B21-E773-403B-8882-18C4DBF996B4}.Debug|x64.ActiveCfg = Debug|Any CPU
		{36525B21-E773-403B-8882-18C4DBF996B4}.Debug|x86.ActiveCfg = Debug|Any CPU
		{36525B21-E773-403B-8882-18C4DBF996B4}.Moussa|Any CPU.ActiveCfg = Release|Any CPU
		{36525B21-E773-403B-8882-18C4DBF996B4}.Moussa|Any CPU.Build.0 = Release|Any CPU
		{36525B21-E773-403B-8882-18C4DBF996B4}.Moussa|ARM.ActiveCfg = Release|Any CPU
		{36525B21-E773-403B-8882-18C4DBF996B4}.Moussa|x64.ActiveCfg = Release|Any CPU
		{36525B21-E773-403B-8882-18C4DBF996B4}.Moussa|x86.ActiveCfg = Release|Any CPU
		{36525B21-E773-403B-8882-18C4DBF996B4}.Release - ARM|Any CPU.ActiveCfg = Release|Any CPU
		{36525B21-E773-403B-8882-18C4DBF996B4}.Release - ARM|Any CPU.Build.0 = Release|Any CPU
		{36525B21-E773-403B-8882-18C4DBF996B4}.Release - ARM|ARM.ActiveCfg = Release|Any CPU
		{36525B21-E773-403B-8882-18C4DBF996B4}.Release - ARM|x64.ActiveCfg = Release|Any CPU
		{36525B21-E773-403B-8882-18C4DBF996B4}.Release - ARM|x86.ActiveCfg = Release|Any CPU
		{36525B21-E773-403B-8882-18C4DBF996B4}.Release|Any CPU.ActiveCfg = Release|Any CPU
		{36525B21-E773-403B-8882-18C4DBF996B4}.Release|Any CPU.Build.0 = Release|Any CPU
		{36525B21-E773-403B-8882-18C4DBF996B4}.Release|ARM.ActiveCfg = Release|Any CPU
		{36525B21-E773-403B-8882-18C4DBF996B4}.Release|x64.ActiveCfg = Release|Any CPU
		{36525B21-E773-403B-8882-18C4DBF996B4}.Release|x86.ActiveCfg = Release|Any CPU
		{E0A494F6-9BED-4638-9D8D-02DDD2E744E3}.Client-Debug|Any CPU.ActiveCfg = Debug|Any CPU
		{E0A494F6-9BED-4638-9D8D-02DDD2E744E3}.Client-Debug|Any CPU.Build.0 = Debug|Any CPU
		{E0A494F6-9BED-4638-9D8D-02DDD2E744E3}.Client-Debug|ARM.ActiveCfg = Debug|Any CPU
		{E0A494F6-9BED-4638-9D8D-02DDD2E744E3}.Client-Debug|x64.ActiveCfg = Debug|Any CPU
		{E0A494F6-9BED-4638-9D8D-02DDD2E744E3}.Client-Debug|x86.ActiveCfg = Debug|Any CPU
		{E0A494F6-9BED-4638-9D8D-02DDD2E744E3}.Debug|Any CPU.ActiveCfg = Debug|Any CPU
		{E0A494F6-9BED-4638-9D8D-02DDD2E744E3}.Debug|Any CPU.Build.0 = Debug|Any CPU
		{E0A494F6-9BED-4638-9D8D-02DDD2E744E3}.Debug|ARM.ActiveCfg = Debug|Any CPU
		{E0A494F6-9BED-4638-9D8D-02DDD2E744E3}.Debug|x64.ActiveCfg = Debug|Any CPU
		{E0A494F6-9BED-4638-9D8D-02DDD2E744E3}.Debug|x86.ActiveCfg = Debug|Any CPU
		{E0A494F6-9BED-4638-9D8D-02DDD2E744E3}.Moussa|Any CPU.ActiveCfg = Release|Any CPU
		{E0A494F6-9BED-4638-9D8D-02DDD2E744E3}.Moussa|Any CPU.Build.0 = Release|Any CPU
		{E0A494F6-9BED-4638-9D8D-02DDD2E744E3}.Moussa|ARM.ActiveCfg = Release|Any CPU
		{E0A494F6-9BED-4638-9D8D-02DDD2E744E3}.Moussa|x64.ActiveCfg = Release|Any CPU
		{E0A494F6-9BED-4638-9D8D-02DDD2E744E3}.Moussa|x86.ActiveCfg = Release|Any CPU
		{E0A494F6-9BED-4638-9D8D-02DDD2E744E3}.Release - ARM|Any CPU.ActiveCfg = Release|Any CPU
		{E0A494F6-9BED-4638-9D8D-02DDD2E744E3}.Release - ARM|Any CPU.Build.0 = Release|Any CPU
		{E0A494F6-9BED-4638-9D8D-02DDD2E744E3}.Release - ARM|ARM.ActiveCfg = Release|Any CPU
		{E0A494F6-9BED-4638-9D8D-02DDD2E744E3}.Release - ARM|x64.ActiveCfg = Release|Any CPU
		{E0A494F6-9BED-4638-9D8D-02DDD2E744E3}.Release - ARM|x86.ActiveCfg = Release|Any CPU
		{E0A494F6-9BED-4638-9D8D-02DDD2E744E3}.Release|Any CPU.ActiveCfg = Release|Any CPU
		{E0A494F6-9BED-4638-9D8D-02DDD2E744E3}.Release|Any CPU.Build.0 = Release|Any CPU
		{E0A494F6-9BED-4638-9D8D-02DDD2E744E3}.Release|ARM.ActiveCfg = Release|Any CPU
		{E0A494F6-9BED-4638-9D8D-02DDD2E744E3}.Release|x64.ActiveCfg = Release|Any CPU
		{E0A494F6-9BED-4638-9D8D-02DDD2E744E3}.Release|x86.ActiveCfg = Release|Any CPU
		{6206E54B-26D2-4845-A69D-FEB52AAA920A}.Client-Debug|Any CPU.ActiveCfg = Debug|Any CPU
		{6206E54B-26D2-4845-A69D-FEB52AAA920A}.Client-Debug|Any CPU.Build.0 = Debug|Any CPU
		{6206E54B-26D2-4845-A69D-FEB52AAA920A}.Client-Debug|ARM.ActiveCfg = Debug|Any CPU
		{6206E54B-26D2-4845-A69D-FEB52AAA920A}.Client-Debug|x64.ActiveCfg = Debug|Any CPU
		{6206E54B-26D2-4845-A69D-FEB52AAA920A}.Client-Debug|x86.ActiveCfg = Debug|Any CPU
		{6206E54B-26D2-4845-A69D-FEB52AAA920A}.Debug|Any CPU.ActiveCfg = Debug|Any CPU
		{6206E54B-26D2-4845-A69D-FEB52AAA920A}.Debug|Any CPU.Build.0 = Debug|Any CPU
		{6206E54B-26D2-4845-A69D-FEB52AAA920A}.Debug|ARM.ActiveCfg = Debug|Any CPU
		{6206E54B-26D2-4845-A69D-FEB52AAA920A}.Debug|x64.ActiveCfg = Debug|Any CPU
		{6206E54B-26D2-4845-A69D-FEB52AAA920A}.Debug|x86.ActiveCfg = Debug|Any CPU
		{6206E54B-26D2-4845-A69D-FEB52AAA920A}.Moussa|Any CPU.ActiveCfg = Release|Any CPU
		{6206E54B-26D2-4845-A69D-FEB52AAA920A}.Moussa|Any CPU.Build.0 = Release|Any CPU
		{6206E54B-26D2-4845-A69D-FEB52AAA920A}.Moussa|ARM.ActiveCfg = Release|Any CPU
		{6206E54B-26D2-4845-A69D-FEB52AAA920A}.Moussa|x64.ActiveCfg = Release|Any CPU
		{6206E54B-26D2-4845-A69D-FEB52AAA920A}.Moussa|x86.ActiveCfg = Release|Any CPU
		{6206E54B-26D2-4845-A69D-FEB52AAA920A}.Release - ARM|Any CPU.ActiveCfg = Release|Any CPU
		{6206E54B-26D2-4845-A69D-FEB52AAA920A}.Release - ARM|Any CPU.Build.0 = Release|Any CPU
		{6206E54B-26D2-4845-A69D-FEB52AAA920A}.Release - ARM|ARM.ActiveCfg = Release|Any CPU
		{6206E54B-26D2-4845-A69D-FEB52AAA920A}.Release - ARM|x64.ActiveCfg = Release|Any CPU
		{6206E54B-26D2-4845-A69D-FEB52AAA920A}.Release - ARM|x86.ActiveCfg = Release|Any CPU
		{6206E54B-26D2-4845-A69D-FEB52AAA920A}.Release|Any CPU.ActiveCfg = Release|Any CPU
		{6206E54B-26D2-4845-A69D-FEB52AAA920A}.Release|Any CPU.Build.0 = Release|Any CPU
		{6206E54B-26D2-4845-A69D-FEB52AAA920A}.Release|ARM.ActiveCfg = Release|Any CPU
		{6206E54B-26D2-4845-A69D-FEB52AAA920A}.Release|x64.ActiveCfg = Release|Any CPU
		{6206E54B-26D2-4845-A69D-FEB52AAA920A}.Release|x86.ActiveCfg = Release|Any CPU
		{C31072DE-DF1E-4E46-99C7-E8890121F05B}.Client-Debug|Any CPU.ActiveCfg = Debug|Any CPU
		{C31072DE-DF1E-4E46-99C7-E8890121F05B}.Client-Debug|Any CPU.Build.0 = Debug|Any CPU
		{C31072DE-DF1E-4E46-99C7-E8890121F05B}.Client-Debug|ARM.ActiveCfg = Debug|Any CPU
		{C31072DE-DF1E-4E46-99C7-E8890121F05B}.Client-Debug|x64.ActiveCfg = Debug|Any CPU
		{C31072DE-DF1E-4E46-99C7-E8890121F05B}.Client-Debug|x86.ActiveCfg = Debug|Any CPU
		{C31072DE-DF1E-4E46-99C7-E8890121F05B}.Debug|Any CPU.ActiveCfg = Debug|Any CPU
		{C31072DE-DF1E-4E46-99C7-E8890121F05B}.Debug|Any CPU.Build.0 = Debug|Any CPU
		{C31072DE-DF1E-4E46-99C7-E8890121F05B}.Debug|ARM.ActiveCfg = Debug|Any CPU
		{C31072DE-DF1E-4E46-99C7-E8890121F05B}.Debug|x64.ActiveCfg = Debug|Any CPU
		{C31072DE-DF1E-4E46-99C7-E8890121F05B}.Debug|x86.ActiveCfg = Debug|Any CPU
		{C31072DE-DF1E-4E46-99C7-E8890121F05B}.Moussa|Any CPU.ActiveCfg = Release|Any CPU
		{C31072DE-DF1E-4E46-99C7-E8890121F05B}.Moussa|Any CPU.Build.0 = Release|Any CPU
		{C31072DE-DF1E-4E46-99C7-E8890121F05B}.Moussa|ARM.ActiveCfg = Release|Any CPU
		{C31072DE-DF1E-4E46-99C7-E8890121F05B}.Moussa|x64.ActiveCfg = Release|Any CPU
		{C31072DE-DF1E-4E46-99C7-E8890121F05B}.Moussa|x86.ActiveCfg = Release|Any CPU
		{C31072DE-DF1E-4E46-99C7-E8890121F05B}.Release - ARM|Any CPU.ActiveCfg = Release|Any CPU
		{C31072DE-DF1E-4E46-99C7-E8890121F05B}.Release - ARM|Any CPU.Build.0 = Release|Any CPU
		{C31072DE-DF1E-4E46-99C7-E8890121F05B}.Release - ARM|ARM.ActiveCfg = Release|Any CPU
		{C31072DE-DF1E-4E46-99C7-E8890121F05B}.Release - ARM|x64.ActiveCfg = Release|Any CPU
		{C31072DE-DF1E-4E46-99C7-E8890121F05B}.Release - ARM|x86.ActiveCfg = Release|Any CPU
		{C31072DE-DF1E-4E46-99C7-E8890121F05B}.Release|Any CPU.ActiveCfg = Release|Any CPU
		{C31072DE-DF1E-4E46-99C7-E8890121F05B}.Release|Any CPU.Build.0 = Release|Any CPU
		{C31072DE-DF1E-4E46-99C7-E8890121F05B}.Release|ARM.ActiveCfg = Release|Any CPU
		{C31072DE-DF1E-4E46-99C7-E8890121F05B}.Release|x64.ActiveCfg = Release|Any CPU
		{C31072DE-DF1E-4E46-99C7-E8890121F05B}.Release|x86.ActiveCfg = Release|Any CPU
		{4097DDBA-EFE9-48E2-A1F7-42FC1AC78D1E}.Client-Debug|Any CPU.ActiveCfg = Debug|Any CPU
		{4097DDBA-EFE9-48E2-A1F7-42FC1AC78D1E}.Client-Debug|Any CPU.Build.0 = Debug|Any CPU
		{4097DDBA-EFE9-48E2-A1F7-42FC1AC78D1E}.Client-Debug|ARM.ActiveCfg = Debug|Any CPU
		{4097DDBA-EFE9-48E2-A1F7-42FC1AC78D1E}.Client-Debug|x64.ActiveCfg = Debug|Any CPU
		{4097DDBA-EFE9-48E2-A1F7-42FC1AC78D1E}.Client-Debug|x86.ActiveCfg = Debug|Any CPU
		{4097DDBA-EFE9-48E2-A1F7-42FC1AC78D1E}.Debug|Any CPU.ActiveCfg = Debug|Any CPU
		{4097DDBA-EFE9-48E2-A1F7-42FC1AC78D1E}.Debug|Any CPU.Build.0 = Debug|Any CPU
		{4097DDBA-EFE9-48E2-A1F7-42FC1AC78D1E}.Debug|ARM.ActiveCfg = Debug|Any CPU
		{4097DDBA-EFE9-48E2-A1F7-42FC1AC78D1E}.Debug|x64.ActiveCfg = Debug|Any CPU
		{4097DDBA-EFE9-48E2-A1F7-42FC1AC78D1E}.Debug|x86.ActiveCfg = Debug|Any CPU
		{4097DDBA-EFE9-48E2-A1F7-42FC1AC78D1E}.Moussa|Any CPU.ActiveCfg = Release|Any CPU
		{4097DDBA-EFE9-48E2-A1F7-42FC1AC78D1E}.Moussa|Any CPU.Build.0 = Release|Any CPU
		{4097DDBA-EFE9-48E2-A1F7-42FC1AC78D1E}.Moussa|ARM.ActiveCfg = Release|Any CPU
		{4097DDBA-EFE9-48E2-A1F7-42FC1AC78D1E}.Moussa|x64.ActiveCfg = Release|Any CPU
		{4097DDBA-EFE9-48E2-A1F7-42FC1AC78D1E}.Moussa|x86.ActiveCfg = Release|Any CPU
		{4097DDBA-EFE9-48E2-A1F7-42FC1AC78D1E}.Release - ARM|Any CPU.ActiveCfg = Release|Any CPU
		{4097DDBA-EFE9-48E2-A1F7-42FC1AC78D1E}.Release - ARM|Any CPU.Build.0 = Release|Any CPU
		{4097DDBA-EFE9-48E2-A1F7-42FC1AC78D1E}.Release - ARM|ARM.ActiveCfg = Release|Any CPU
		{4097DDBA-EFE9-48E2-A1F7-42FC1AC78D1E}.Release - ARM|x64.ActiveCfg = Release|Any CPU
		{4097DDBA-EFE9-48E2-A1F7-42FC1AC78D1E}.Release - ARM|x86.ActiveCfg = Release|Any CPU
		{4097DDBA-EFE9-48E2-A1F7-42FC1AC78D1E}.Release|Any CPU.ActiveCfg = Release|Any CPU
		{4097DDBA-EFE9-48E2-A1F7-42FC1AC78D1E}.Release|Any CPU.Build.0 = Release|Any CPU
		{4097DDBA-EFE9-48E2-A1F7-42FC1AC78D1E}.Release|ARM.ActiveCfg = Release|Any CPU
		{4097DDBA-EFE9-48E2-A1F7-42FC1AC78D1E}.Release|x64.ActiveCfg = Release|Any CPU
		{4097DDBA-EFE9-48E2-A1F7-42FC1AC78D1E}.Release|x86.ActiveCfg = Release|Any CPU
		{C6C4FC26-8000-49C2-A525-79CA241472A7}.Client-Debug|Any CPU.ActiveCfg = Debug|Any CPU
		{C6C4FC26-8000-49C2-A525-79CA241472A7}.Client-Debug|Any CPU.Build.0 = Debug|Any CPU
		{C6C4FC26-8000-49C2-A525-79CA241472A7}.Client-Debug|ARM.ActiveCfg = Debug|ARM
		{C6C4FC26-8000-49C2-A525-79CA241472A7}.Client-Debug|ARM.Build.0 = Debug|ARM
		{C6C4FC26-8000-49C2-A525-79CA241472A7}.Client-Debug|x64.ActiveCfg = Debug|x64
		{C6C4FC26-8000-49C2-A525-79CA241472A7}.Client-Debug|x64.Build.0 = Debug|x64
		{C6C4FC26-8000-49C2-A525-79CA241472A7}.Client-Debug|x86.ActiveCfg = Debug|x86
		{C6C4FC26-8000-49C2-A525-79CA241472A7}.Client-Debug|x86.Build.0 = Debug|x86
		{C6C4FC26-8000-49C2-A525-79CA241472A7}.Debug|Any CPU.ActiveCfg = Debug|Any CPU
		{C6C4FC26-8000-49C2-A525-79CA241472A7}.Debug|Any CPU.Build.0 = Debug|Any CPU
		{C6C4FC26-8000-49C2-A525-79CA241472A7}.Debug|ARM.ActiveCfg = Debug|ARM
		{C6C4FC26-8000-49C2-A525-79CA241472A7}.Debug|ARM.Build.0 = Debug|ARM
		{C6C4FC26-8000-49C2-A525-79CA241472A7}.Debug|x64.ActiveCfg = Debug|x64
		{C6C4FC26-8000-49C2-A525-79CA241472A7}.Debug|x64.Build.0 = Debug|x64
		{C6C4FC26-8000-49C2-A525-79CA241472A7}.Debug|x86.ActiveCfg = Debug|x86
		{C6C4FC26-8000-49C2-A525-79CA241472A7}.Debug|x86.Build.0 = Debug|x86
		{C6C4FC26-8000-49C2-A525-79CA241472A7}.Moussa|Any CPU.ActiveCfg = Release|Any CPU
		{C6C4FC26-8000-49C2-A525-79CA241472A7}.Moussa|Any CPU.Build.0 = Release|Any CPU
		{C6C4FC26-8000-49C2-A525-79CA241472A7}.Moussa|ARM.ActiveCfg = Release|ARM
		{C6C4FC26-8000-49C2-A525-79CA241472A7}.Moussa|ARM.Build.0 = Release|ARM
		{C6C4FC26-8000-49C2-A525-79CA241472A7}.Moussa|x64.ActiveCfg = Release|x64
		{C6C4FC26-8000-49C2-A525-79CA241472A7}.Moussa|x64.Build.0 = Release|x64
		{C6C4FC26-8000-49C2-A525-79CA241472A7}.Moussa|x86.ActiveCfg = Release|x86
		{C6C4FC26-8000-49C2-A525-79CA241472A7}.Moussa|x86.Build.0 = Release|x86
		{C6C4FC26-8000-49C2-A525-79CA241472A7}.Release - ARM|Any CPU.ActiveCfg = Release|Any CPU
		{C6C4FC26-8000-49C2-A525-79CA241472A7}.Release - ARM|Any CPU.Build.0 = Release|Any CPU
		{C6C4FC26-8000-49C2-A525-79CA241472A7}.Release - ARM|ARM.ActiveCfg = Release|ARM
		{C6C4FC26-8000-49C2-A525-79CA241472A7}.Release - ARM|ARM.Build.0 = Release|ARM
		{C6C4FC26-8000-49C2-A525-79CA241472A7}.Release - ARM|x64.ActiveCfg = Release|x64
		{C6C4FC26-8000-49C2-A525-79CA241472A7}.Release - ARM|x64.Build.0 = Release|x64
		{C6C4FC26-8000-49C2-A525-79CA241472A7}.Release - ARM|x86.ActiveCfg = Release|x86
		{C6C4FC26-8000-49C2-A525-79CA241472A7}.Release - ARM|x86.Build.0 = Release|x86
		{C6C4FC26-8000-49C2-A525-79CA241472A7}.Release|Any CPU.ActiveCfg = Release|Any CPU
		{C6C4FC26-8000-49C2-A525-79CA241472A7}.Release|Any CPU.Build.0 = Release|Any CPU
		{C6C4FC26-8000-49C2-A525-79CA241472A7}.Release|ARM.ActiveCfg = Release|ARM
		{C6C4FC26-8000-49C2-A525-79CA241472A7}.Release|ARM.Build.0 = Release|ARM
		{C6C4FC26-8000-49C2-A525-79CA241472A7}.Release|x64.ActiveCfg = Release|x64
		{C6C4FC26-8000-49C2-A525-79CA241472A7}.Release|x64.Build.0 = Release|x64
		{C6C4FC26-8000-49C2-A525-79CA241472A7}.Release|x86.ActiveCfg = Release|x86
		{C6C4FC26-8000-49C2-A525-79CA241472A7}.Release|x86.Build.0 = Release|x86
		{3D0CD1B2-B358-4664-AA9D-938ADE602AB7}.Client-Debug|Any CPU.ActiveCfg = Debug|Any CPU
		{3D0CD1B2-B358-4664-AA9D-938ADE602AB7}.Client-Debug|Any CPU.Build.0 = Debug|Any CPU
		{3D0CD1B2-B358-4664-AA9D-938ADE602AB7}.Client-Debug|ARM.ActiveCfg = Debug|ARM
		{3D0CD1B2-B358-4664-AA9D-938ADE602AB7}.Client-Debug|ARM.Build.0 = Debug|ARM
		{3D0CD1B2-B358-4664-AA9D-938ADE602AB7}.Client-Debug|x64.ActiveCfg = Debug|x64
		{3D0CD1B2-B358-4664-AA9D-938ADE602AB7}.Client-Debug|x64.Build.0 = Debug|x64
		{3D0CD1B2-B358-4664-AA9D-938ADE602AB7}.Client-Debug|x86.ActiveCfg = Debug|x86
		{3D0CD1B2-B358-4664-AA9D-938ADE602AB7}.Client-Debug|x86.Build.0 = Debug|x86
		{3D0CD1B2-B358-4664-AA9D-938ADE602AB7}.Debug|Any CPU.ActiveCfg = Debug|Any CPU
		{3D0CD1B2-B358-4664-AA9D-938ADE602AB7}.Debug|Any CPU.Build.0 = Debug|Any CPU
		{3D0CD1B2-B358-4664-AA9D-938ADE602AB7}.Debug|ARM.ActiveCfg = Debug|ARM
		{3D0CD1B2-B358-4664-AA9D-938ADE602AB7}.Debug|ARM.Build.0 = Debug|ARM
		{3D0CD1B2-B358-4664-AA9D-938ADE602AB7}.Debug|x64.ActiveCfg = Debug|x64
		{3D0CD1B2-B358-4664-AA9D-938ADE602AB7}.Debug|x64.Build.0 = Debug|x64
		{3D0CD1B2-B358-4664-AA9D-938ADE602AB7}.Debug|x86.ActiveCfg = Debug|x86
		{3D0CD1B2-B358-4664-AA9D-938ADE602AB7}.Debug|x86.Build.0 = Debug|x86
		{3D0CD1B2-B358-4664-AA9D-938ADE602AB7}.Moussa|Any CPU.ActiveCfg = Release|Any CPU
		{3D0CD1B2-B358-4664-AA9D-938ADE602AB7}.Moussa|Any CPU.Build.0 = Release|Any CPU
		{3D0CD1B2-B358-4664-AA9D-938ADE602AB7}.Moussa|ARM.ActiveCfg = Release|ARM
		{3D0CD1B2-B358-4664-AA9D-938ADE602AB7}.Moussa|ARM.Build.0 = Release|ARM
		{3D0CD1B2-B358-4664-AA9D-938ADE602AB7}.Moussa|x64.ActiveCfg = Release|x64
		{3D0CD1B2-B358-4664-AA9D-938ADE602AB7}.Moussa|x64.Build.0 = Release|x64
		{3D0CD1B2-B358-4664-AA9D-938ADE602AB7}.Moussa|x86.ActiveCfg = Release|x86
		{3D0CD1B2-B358-4664-AA9D-938ADE602AB7}.Moussa|x86.Build.0 = Release|x86
		{3D0CD1B2-B358-4664-AA9D-938ADE602AB7}.Release - ARM|Any CPU.ActiveCfg = Release|Any CPU
		{3D0CD1B2-B358-4664-AA9D-938ADE602AB7}.Release - ARM|Any CPU.Build.0 = Release|Any CPU
		{3D0CD1B2-B358-4664-AA9D-938ADE602AB7}.Release - ARM|ARM.ActiveCfg = Release|ARM
		{3D0CD1B2-B358-4664-AA9D-938ADE602AB7}.Release - ARM|ARM.Build.0 = Release|ARM
		{3D0CD1B2-B358-4664-AA9D-938ADE602AB7}.Release - ARM|x64.ActiveCfg = Release|x64
		{3D0CD1B2-B358-4664-AA9D-938ADE602AB7}.Release - ARM|x64.Build.0 = Release|x64
		{3D0CD1B2-B358-4664-AA9D-938ADE602AB7}.Release - ARM|x86.ActiveCfg = Release|x86
		{3D0CD1B2-B358-4664-AA9D-938ADE602AB7}.Release - ARM|x86.Build.0 = Release|x86
		{3D0CD1B2-B358-4664-AA9D-938ADE602AB7}.Release|Any CPU.ActiveCfg = Release|Any CPU
		{3D0CD1B2-B358-4664-AA9D-938ADE602AB7}.Release|Any CPU.Build.0 = Release|Any CPU
		{3D0CD1B2-B358-4664-AA9D-938ADE602AB7}.Release|ARM.ActiveCfg = Release|ARM
		{3D0CD1B2-B358-4664-AA9D-938ADE602AB7}.Release|ARM.Build.0 = Release|ARM
		{3D0CD1B2-B358-4664-AA9D-938ADE602AB7}.Release|x64.ActiveCfg = Release|x64
		{3D0CD1B2-B358-4664-AA9D-938ADE602AB7}.Release|x64.Build.0 = Release|x64
		{3D0CD1B2-B358-4664-AA9D-938ADE602AB7}.Release|x86.ActiveCfg = Release|x86
		{3D0CD1B2-B358-4664-AA9D-938ADE602AB7}.Release|x86.Build.0 = Release|x86
		{46FD6F10-6F1D-4BCE-B67E-38753D89F536}.Client-Debug|Any CPU.ActiveCfg = Client-Debug|Any CPU
		{46FD6F10-6F1D-4BCE-B67E-38753D89F536}.Client-Debug|Any CPU.Build.0 = Client-Debug|Any CPU
		{46FD6F10-6F1D-4BCE-B67E-38753D89F536}.Client-Debug|ARM.ActiveCfg = Client-Debug|ARM
		{46FD6F10-6F1D-4BCE-B67E-38753D89F536}.Client-Debug|ARM.Build.0 = Client-Debug|ARM
		{46FD6F10-6F1D-4BCE-B67E-38753D89F536}.Client-Debug|x64.ActiveCfg = Client-Debug|x64
		{46FD6F10-6F1D-4BCE-B67E-38753D89F536}.Client-Debug|x64.Build.0 = Client-Debug|x64
		{46FD6F10-6F1D-4BCE-B67E-38753D89F536}.Client-Debug|x86.ActiveCfg = Client-Debug|x86
		{46FD6F10-6F1D-4BCE-B67E-38753D89F536}.Client-Debug|x86.Build.0 = Client-Debug|x86
		{46FD6F10-6F1D-4BCE-B67E-38753D89F536}.Debug|Any CPU.ActiveCfg = Debug|Any CPU
		{46FD6F10-6F1D-4BCE-B67E-38753D89F536}.Debug|Any CPU.Build.0 = Debug|Any CPU
		{46FD6F10-6F1D-4BCE-B67E-38753D89F536}.Debug|ARM.ActiveCfg = Debug|ARM
		{46FD6F10-6F1D-4BCE-B67E-38753D89F536}.Debug|ARM.Build.0 = Debug|ARM
		{46FD6F10-6F1D-4BCE-B67E-38753D89F536}.Debug|x64.ActiveCfg = Debug|x64
		{46FD6F10-6F1D-4BCE-B67E-38753D89F536}.Debug|x64.Build.0 = Debug|x64
		{46FD6F10-6F1D-4BCE-B67E-38753D89F536}.Debug|x86.ActiveCfg = Debug|x86
		{46FD6F10-6F1D-4BCE-B67E-38753D89F536}.Debug|x86.Build.0 = Debug|x86
		{46FD6F10-6F1D-4BCE-B67E-38753D89F536}.Moussa|Any CPU.ActiveCfg = Moussa|Any CPU
		{46FD6F10-6F1D-4BCE-B67E-38753D89F536}.Moussa|Any CPU.Build.0 = Moussa|Any CPU
		{46FD6F10-6F1D-4BCE-B67E-38753D89F536}.Moussa|ARM.ActiveCfg = Moussa|ARM
		{46FD6F10-6F1D-4BCE-B67E-38753D89F536}.Moussa|ARM.Build.0 = Moussa|ARM
		{46FD6F10-6F1D-4BCE-B67E-38753D89F536}.Moussa|x64.ActiveCfg = Moussa|x64
		{46FD6F10-6F1D-4BCE-B67E-38753D89F536}.Moussa|x64.Build.0 = Moussa|x64
		{46FD6F10-6F1D-4BCE-B67E-38753D89F536}.Moussa|x86.ActiveCfg = Moussa|x86
		{46FD6F10-6F1D-4BCE-B67E-38753D89F536}.Moussa|x86.Build.0 = Moussa|x86
		{46FD6F10-6F1D-4BCE-B67E-38753D89F536}.Release - ARM|Any CPU.ActiveCfg = Release - ARM|Any CPU
		{46FD6F10-6F1D-4BCE-B67E-38753D89F536}.Release - ARM|Any CPU.Build.0 = Release - ARM|Any CPU
		{46FD6F10-6F1D-4BCE-B67E-38753D89F536}.Release - ARM|ARM.ActiveCfg = Release - ARM|ARM
		{46FD6F10-6F1D-4BCE-B67E-38753D89F536}.Release - ARM|ARM.Build.0 = Release - ARM|ARM
		{46FD6F10-6F1D-4BCE-B67E-38753D89F536}.Release - ARM|x64.ActiveCfg = Release - ARM|x64
		{46FD6F10-6F1D-4BCE-B67E-38753D89F536}.Release - ARM|x64.Build.0 = Release - ARM|x64
		{46FD6F10-6F1D-4BCE-B67E-38753D89F536}.Release - ARM|x86.ActiveCfg = Release - ARM|x86
		{46FD6F10-6F1D-4BCE-B67E-38753D89F536}.Release - ARM|x86.Build.0 = Release - ARM|x86
		{46FD6F10-6F1D-4BCE-B67E-38753D89F536}.Release|Any CPU.ActiveCfg = Release|Any CPU
		{46FD6F10-6F1D-4BCE-B67E-38753D89F536}.Release|Any CPU.Build.0 = Release|Any CPU
		{46FD6F10-6F1D-4BCE-B67E-38753D89F536}.Release|ARM.ActiveCfg = Release|ARM
		{46FD6F10-6F1D-4BCE-B67E-38753D89F536}.Release|ARM.Build.0 = Release|ARM
		{46FD6F10-6F1D-4BCE-B67E-38753D89F536}.Release|x64.ActiveCfg = Release|x64
		{46FD6F10-6F1D-4BCE-B67E-38753D89F536}.Release|x64.Build.0 = Release|x64
		{46FD6F10-6F1D-4BCE-B67E-38753D89F536}.Release|x86.ActiveCfg = Release|x86
		{46FD6F10-6F1D-4BCE-B67E-38753D89F536}.Release|x86.Build.0 = Release|x86
	EndGlobalSection
	GlobalSection(SolutionProperties) = preSolution
		HideSolutionNode = FALSE
	EndGlobalSection
EndGlobal
